// !$*UTF8*$!
{
	archiveVersion = 1;
	classes = {
	};
	objectVersion = 56;
	objects = {

/* Begin PBXBuildFile section */
		84B9CEC2296FB8F3006BFDE4 /* AppDelegate.swift in Sources */ = {isa = PBXBuildFile; fileRef = 84B9CEC1296FB8F3006BFDE4 /* AppDelegate.swift */; };
		84B9CEC4296FB8F3006BFDE4 /* SceneDelegate.swift in Sources */ = {isa = PBXBuildFile; fileRef = 84B9CEC3296FB8F3006BFDE4 /* SceneDelegate.swift */; };
		84B9CEC6296FB8F3006BFDE4 /* FirstVC.swift in Sources */ = {isa = PBXBuildFile; fileRef = 84B9CEC5296FB8F3006BFDE4 /* FirstVC.swift */; };
		84B9CEC9296FB8F3006BFDE4 /* Main.storyboard in Resources */ = {isa = PBXBuildFile; fileRef = 84B9CEC7296FB8F3006BFDE4 /* Main.storyboard */; };
		84B9CECC296FB8F3006BFDE4 /* Test_Project___1.xcdatamodeld in Sources */ = {isa = PBXBuildFile; fileRef = 84B9CECA296FB8F3006BFDE4 /* Test_Project___1.xcdatamodeld */; };
		84B9CECE296FB8F4006BFDE4 /* Assets.xcassets in Resources */ = {isa = PBXBuildFile; fileRef = 84B9CECD296FB8F4006BFDE4 /* Assets.xcassets */; };
		84B9CED1296FB8F4006BFDE4 /* LaunchScreen.storyboard in Resources */ = {isa = PBXBuildFile; fileRef = 84B9CECF296FB8F4006BFDE4 /* LaunchScreen.storyboard */; };
		84EA54DB296FD0AA003D1D86 /* customTVC.swift in Sources */ = {isa = PBXBuildFile; fileRef = 84EA54DA296FD0AA003D1D86 /* customTVC.swift */; };
		84EA54DD296FD29A003D1D86 /* Constants.swift in Sources */ = {isa = PBXBuildFile; fileRef = 84EA54DC296FD29A003D1D86 /* Constants.swift */; };
		84EA54DF296FDA7B003D1D86 /* NewsModel.swift in Sources */ = {isa = PBXBuildFile; fileRef = 84EA54DE296FDA7B003D1D86 /* NewsModel.swift */; };
		84EA54E1296FF5F4003D1D86 /* ApiCaller.swift in Sources */ = {isa = PBXBuildFile; fileRef = 84EA54E0296FF5F4003D1D86 /* ApiCaller.swift */; };
/* End PBXBuildFile section */

/* Begin PBXFileReference section */
		84B9CEBE296FB8F3006BFDE4 /* Test Project - 1.app */ = {isa = PBXFileReference; explicitFileType = wrapper.application; includeInIndex = 0; path = "Test Project - 1.app"; sourceTree = BUILT_PRODUCTS_DIR; };
		84B9CEC1296FB8F3006BFDE4 /* AppDelegate.swift */ = {isa = PBXFileReference; lastKnownFileType = sourcecode.swift; path = AppDelegate.swift; sourceTree = "<group>"; };
		84B9CEC3296FB8F3006BFDE4 /* SceneDelegate.swift */ = {isa = PBXFileReference; lastKnownFileType = sourcecode.swift; path = SceneDelegate.swift; sourceTree = "<group>"; };
		84B9CEC5296FB8F3006BFDE4 /* FirstVC.swift */ = {isa = PBXFileReference; lastKnownFileType = sourcecode.swift; path = FirstVC.swift; sourceTree = "<group>"; };
		84B9CEC8296FB8F3006BFDE4 /* Base */ = {isa = PBXFileReference; lastKnownFileType = file.storyboard; name = Base; path = Base.lproj/Main.storyboard; sourceTree = "<group>"; };
		84B9CECB296FB8F3006BFDE4 /* Test_Project___1.xcdatamodel */ = {isa = PBXFileReference; lastKnownFileType = wrapper.xcdatamodel; path = "Test_Project___1.xcdatamodel"; sourceTree = "<group>"; };
		84B9CECD296FB8F4006BFDE4 /* Assets.xcassets */ = {isa = PBXFileReference; lastKnownFileType = folder.assetcatalog; path = Assets.xcassets; sourceTree = "<group>"; };
		84B9CED0296FB8F4006BFDE4 /* Base */ = {isa = PBXFileReference; lastKnownFileType = file.storyboard; name = Base; path = Base.lproj/LaunchScreen.storyboard; sourceTree = "<group>"; };
		84B9CED2296FB8F4006BFDE4 /* Info.plist */ = {isa = PBXFileReference; lastKnownFileType = text.plist.xml; path = Info.plist; sourceTree = "<group>"; };
		84EA54DA296FD0AA003D1D86 /* customTVC.swift */ = {isa = PBXFileReference; lastKnownFileType = sourcecode.swift; path = customTVC.swift; sourceTree = "<group>"; };
		84EA54DC296FD29A003D1D86 /* Constants.swift */ = {isa = PBXFileReference; lastKnownFileType = sourcecode.swift; path = Constants.swift; sourceTree = "<group>"; };
		84EA54DE296FDA7B003D1D86 /* NewsModel.swift */ = {isa = PBXFileReference; lastKnownFileType = sourcecode.swift; path = NewsModel.swift; sourceTree = "<group>"; };
		84EA54E0296FF5F4003D1D86 /* ApiCaller.swift */ = {isa = PBXFileReference; lastKnownFileType = sourcecode.swift; path = ApiCaller.swift; sourceTree = "<group>"; };
/* End PBXFileReference section */

/* Begin PBXFrameworksBuildPhase section */
		84B9CEBB296FB8F3006BFDE4 /* Frameworks */ = {
			isa = PBXFrameworksBuildPhase;
			buildActionMask = 2147483647;
			files = (
			);
			runOnlyForDeploymentPostprocessing = 0;
		};
/* End PBXFrameworksBuildPhase section */

/* Begin PBXGroup section */
		84B9CEB5296FB8F3006BFDE4 = {
			isa = PBXGroup;
			children = (
				84B9CEC0296FB8F3006BFDE4 /* Test Project - 1 */,
				84B9CEBF296FB8F3006BFDE4 /* Products */,
			);
			sourceTree = "<group>";
		};
		84B9CEBF296FB8F3006BFDE4 /* Products */ = {
			isa = PBXGroup;
			children = (
				84B9CEBE296FB8F3006BFDE4 /* Test Project - 1.app */,
			);
			name = Products;
			sourceTree = "<group>";
		};
		84B9CEC0296FB8F3006BFDE4 /* Test Project - 1 */ = {
			isa = PBXGroup;
			children = (
				84B9CEC1296FB8F3006BFDE4 /* AppDelegate.swift */,
				84B9CEC3296FB8F3006BFDE4 /* SceneDelegate.swift */,
				84B9CEC5296FB8F3006BFDE4 /* FirstVC.swift */,
				84EA54E0296FF5F4003D1D86 /* ApiCaller.swift */,
				84EA54DE296FDA7B003D1D86 /* NewsModel.swift */,
				84EA54DC296FD29A003D1D86 /* Constants.swift */,
				84EA54DA296FD0AA003D1D86 /* customTVC.swift */,
				84B9CEC7296FB8F3006BFDE4 /* Main.storyboard */,
				84B9CECD296FB8F4006BFDE4 /* Assets.xcassets */,
				84B9CECF296FB8F4006BFDE4 /* LaunchScreen.storyboard */,
				84B9CED2296FB8F4006BFDE4 /* Info.plist */,
				84B9CECA296FB8F3006BFDE4 /* Test_Project___1.xcdatamodeld */,
			);
			path = "Test Project - 1";
			sourceTree = "<group>";
		};
/* End PBXGroup section */

/* Begin PBXNativeTarget section */
		84B9CEBD296FB8F3006BFDE4 /* Test Project - 1 */ = {
			isa = PBXNativeTarget;
			buildConfigurationList = 84B9CED5296FB8F4006BFDE4 /* Build configuration list for PBXNativeTarget "Test Project - 1" */;
			buildPhases = (
				84B9CEBA296FB8F3006BFDE4 /* Sources */,
				84B9CEBB296FB8F3006BFDE4 /* Frameworks */,
				84B9CEBC296FB8F3006BFDE4 /* Resources */,
			);
			buildRules = (
			);
			dependencies = (
			);
			name = "Test Project - 1";
			productName = "Test Project - 1";
			productReference = 84B9CEBE296FB8F3006BFDE4 /* Test Project - 1.app */;
			productType = "com.apple.product-type.application";
		};
/* End PBXNativeTarget section */

/* Begin PBXProject section */
		84B9CEB6296FB8F3006BFDE4 /* Project object */ = {
			isa = PBXProject;
			attributes = {
				BuildIndependentTargetsInParallel = 1;
				LastSwiftUpdateCheck = 1420;
				LastUpgradeCheck = 1420;
				TargetAttributes = {
					84B9CEBD296FB8F3006BFDE4 = {
						CreatedOnToolsVersion = 14.2;
					};
				};
			};
			buildConfigurationList = 84B9CEB9296FB8F3006BFDE4 /* Build configuration list for PBXProject "Test Project - 1" */;
			compatibilityVersion = "Xcode 14.0";
			developmentRegion = en;
			hasScannedForEncodings = 0;
			knownRegions = (
				en,
				Base,
			);
			mainGroup = 84B9CEB5296FB8F3006BFDE4;
			productRefGroup = 84B9CEBF296FB8F3006BFDE4 /* Products */;
			projectDirPath = "";
			projectRoot = "";
			targets = (
				84B9CEBD296FB8F3006BFDE4 /* Test Project - 1 */,
			);
		};
/* End PBXProject section */

/* Begin PBXResourcesBuildPhase section */
		84B9CEBC296FB8F3006BFDE4 /* Resources */ = {
			isa = PBXResourcesBuildPhase;
			buildActionMask = 2147483647;
			files = (
				84B9CED1296FB8F4006BFDE4 /* LaunchScreen.storyboard in Resources */,
				84B9CECE296FB8F4006BFDE4 /* Assets.xcassets in Resources */,
				84B9CEC9296FB8F3006BFDE4 /* Main.storyboard in Resources */,
			);
			runOnlyForDeploymentPostprocessing = 0;
		};
/* End PBXResourcesBuildPhase section */

/* Begin PBXSourcesBuildPhase section */
		84B9CEBA296FB8F3006BFDE4 /* Sources */ = {
			isa = PBXSourcesBuildPhase;
			buildActionMask = 2147483647;
			files = (
				84EA54DF296FDA7B003D1D86 /* NewsModel.swift in Sources */,
				84EA54E1296FF5F4003D1D86 /* ApiCaller.swift in Sources */,
				84B9CEC6296FB8F3006BFDE4 /* FirstVC.swift in Sources */,
				84B9CECC296FB8F3006BFDE4 /* Test_Project___1.xcdatamodeld in Sources */,
				84B9CEC2296FB8F3006BFDE4 /* AppDelegate.swift in Sources */,
				84EA54DB296FD0AA003D1D86 /* customTVC.swift in Sources */,
				84B9CEC4296FB8F3006BFDE4 /* SceneDelegate.swift in Sources */,
				84EA54DD296FD29A003D1D86 /* Constants.swift in Sources */,
			);
			runOnlyForDeploymentPostprocessing = 0;
		};
/* End PBXSourcesBuildPhase section */

/* Begin PBXVariantGroup section */
		84B9CEC7296FB8F3006BFDE4 /* Main.storyboard */ = {
			isa = PBXVariantGroup;
			children = (
				84B9CEC8296FB8F3006BFDE4 /* Base */,
			);
			name = Main.storyboard;
			sourceTree = "<group>";
		};
		84B9CECF296FB8F4006BFDE4 /* LaunchScreen.storyboard */ = {
			isa = PBXVariantGroup;
			children = (
				84B9CED0296FB8F4006BFDE4 /* Base */,
			);
			name = LaunchScreen.storyboard;
			sourceTree = "<group>";
		};
/* End PBXVariantGroup section */

/* Begin XCBuildConfiguration section */
		84B9CED3296FB8F4006BFDE4 /* Debug */ = {
			isa = XCBuildConfiguration;
			buildSettings = {
				ALWAYS_SEARCH_USER_PATHS = NO;
				CLANG_ANALYZER_NONNULL = YES;
				CLANG_ANALYZER_NUMBER_OBJECT_CONVERSION = YES_AGGRESSIVE;
				CLANG_CXX_LANGUAGE_STANDARD = "gnu++20";
				CLANG_ENABLE_MODULES = YES;
				CLANG_ENABLE_OBJC_ARC = YES;
				CLANG_ENABLE_OBJC_WEAK = YES;
				CLANG_WARN_BLOCK_CAPTURE_AUTORELEASING = YES;
				CLANG_WARN_BOOL_CONVERSION = YES;
				CLANG_WARN_COMMA = YES;
				CLANG_WARN_CONSTANT_CONVERSION = YES;
				CLANG_WARN_DEPRECATED_OBJC_IMPLEMENTATIONS = YES;
				CLANG_WARN_DIRECT_OBJC_ISA_USAGE = YES_ERROR;
				CLANG_WARN_DOCUMENTATION_COMMENTS = YES;
				CLANG_WARN_EMPTY_BODY = YES;
				CLANG_WARN_ENUM_CONVERSION = YES;
				CLANG_WARN_INFINITE_RECURSION = YES;
				CLANG_WARN_INT_CONVERSION = YES;
				CLANG_WARN_NON_LITERAL_NULL_CONVERSION = YES;
				CLANG_WARN_OBJC_IMPLICIT_RETAIN_SELF = YES;
				CLANG_WARN_OBJC_LITERAL_CONVERSION = YES;
				CLANG_WARN_OBJC_ROOT_CLASS = YES_ERROR;
				CLANG_WARN_QUOTED_INCLUDE_IN_FRAMEWORK_HEADER = YES;
				CLANG_WARN_RANGE_LOOP_ANALYSIS = YES;
				CLANG_WARN_STRICT_PROTOTYPES = YES;
				CLANG_WARN_SUSPICIOUS_MOVE = YES;
				CLANG_WARN_UNGUARDED_AVAILABILITY = YES_AGGRESSIVE;
				CLANG_WARN_UNREACHABLE_CODE = YES;
				CLANG_WARN__DUPLICATE_METHOD_MATCH = YES;
				COPY_PHASE_STRIP = NO;
				DEBUG_INFORMATION_FORMAT = dwarf;
				ENABLE_STRICT_OBJC_MSGSEND = YES;
				ENABLE_TESTABILITY = YES;
				GCC_C_LANGUAGE_STANDARD = gnu11;
				GCC_DYNAMIC_NO_PIC = NO;
				GCC_NO_COMMON_BLOCKS = YES;
				GCC_OPTIMIZATION_LEVEL = 0;
				GCC_PREPROCESSOR_DEFINITIONS = (
					"DEBUG=1",
					"$(inherited)",
				);
				GCC_WARN_64_TO_32_BIT_CONVERSION = YES;
				GCC_WARN_ABOUT_RETURN_TYPE = YES_ERROR;
				GCC_WARN_UNDECLARED_SELECTOR = YES;
				GCC_WARN_UNINITIALIZED_AUTOS = YES_AGGRESSIVE;
				GCC_WARN_UNUSED_FUNCTION = YES;
				GCC_WARN_UNUSED_VARIABLE = YES;
				IPHONEOS_DEPLOYMENT_TARGET = 16.2;
				MTL_ENABLE_DEBUG_INFO = INCLUDE_SOURCE;
				MTL_FAST_MATH = YES;
				ONLY_ACTIVE_ARCH = YES;
				SDKROOT = iphoneos;
				SWIFT_ACTIVE_COMPILATION_CONDITIONS = DEBUG;
				SWIFT_OPTIMIZATION_LEVEL = "-Onone";
			};
			name = Debug;
		};
		84B9CED4296FB8F4006BFDE4 /* Release */ = {
			isa = XCBuildConfiguration;
			buildSettings = {
				ALWAYS_SEARCH_USER_PATHS = NO;
				CLANG_ANALYZER_NONNULL = YES;
				CLANG_ANALYZER_NUMBER_OBJECT_CONVERSION = YES_AGGRESSIVE;
				CLANG_CXX_LANGUAGE_STANDARD = "gnu++20";
				CLANG_ENABLE_MODULES = YES;
				CLANG_ENABLE_OBJC_ARC = YES;
				CLANG_ENABLE_OBJC_WEAK = YES;
				CLANG_WARN_BLOCK_CAPTURE_AUTORELEASING = YES;
				CLANG_WARN_BOOL_CONVERSION = YES;
				CLANG_WARN_COMMA = YES;
				CLANG_WARN_CONSTANT_CONVERSION = YES;
				CLANG_WARN_DEPRECATED_OBJC_IMPLEMENTATIONS = YES;
				CLANG_WARN_DIRECT_OBJC_ISA_USAGE = YES_ERROR;
				CLANG_WARN_DOCUMENTATION_COMMENTS = YES;
				CLANG_WARN_EMPTY_BODY = YES;
				CLANG_WARN_ENUM_CONVERSION = YES;
				CLANG_WARN_INFINITE_RECURSION = YES;
				CLANG_WARN_INT_CONVERSION = YES;
				CLANG_WARN_NON_LITERAL_NULL_CONVERSION = YES;
				CLANG_WARN_OBJC_IMPLICIT_RETAIN_SELF = YES;
				CLANG_WARN_OBJC_LITERAL_CONVERSION = YES;
				CLANG_WARN_OBJC_ROOT_CLASS = YES_ERROR;
				CLANG_WARN_QUOTED_INCLUDE_IN_FRAMEWORK_HEADER = YES;
				CLANG_WARN_RANGE_LOOP_ANALYSIS = YES;
				CLANG_WARN_STRICT_PROTOTYPES = YES;
				CLANG_WARN_SUSPICIOUS_MOVE = YES;
				CLANG_WARN_UNGUARDED_AVAILABILITY = YES_AGGRESSIVE;
				CLANG_WARN_UNREACHABLE_CODE = YES;
				CLANG_WARN__DUPLICATE_METHOD_MATCH = YES;
				COPY_PHASE_STRIP = NO;
				DEBUG_INFORMATION_FORMAT = "dwarf-with-dsym";
				ENABLE_NS_ASSERTIONS = NO;
				ENABLE_STRICT_OBJC_MSGSEND = YES;
				GCC_C_LANGUAGE_STANDARD = gnu11;
				GCC_NO_COMMON_BLOCKS = YES;
				GCC_WARN_64_TO_32_BIT_CONVERSION = YES;
				GCC_WARN_ABOUT_RETURN_TYPE = YES_ERROR;
				GCC_WARN_UNDECLARED_SELECTOR = YES;
				GCC_WARN_UNINITIALIZED_AUTOS = YES_AGGRESSIVE;
				GCC_WARN_UNUSED_FUNCTION = YES;
				GCC_WARN_UNUSED_VARIABLE = YES;
				IPHONEOS_DEPLOYMENT_TARGET = 16.2;
				MTL_ENABLE_DEBUG_INFO = NO;
				MTL_FAST_MATH = YES;
				SDKROOT = iphoneos;
				SWIFT_COMPILATION_MODE = wholemodule;
				SWIFT_OPTIMIZATION_LEVEL = "-O";
				VALIDATE_PRODUCT = YES;
			};
			name = Release;
		};
		84B9CED6296FB8F4006BFDE4 /* Debug */ = {
			isa = XCBuildConfiguration;
			buildSettings = {
				ASSETCATALOG_COMPILER_APPICON_NAME = AppIcon;
				ASSETCATALOG_COMPILER_GLOBAL_ACCENT_COLOR_NAME = AccentColor;
				CODE_SIGN_STYLE = Automatic;
				CURRENT_PROJECT_VERSION = 1;
				GENERATE_INFOPLIST_FILE = YES;
				INFOPLIST_FILE = "Test Project - 1/Info.plist";
				INFOPLIST_KEY_UIApplicationSupportsIndirectInputEvents = YES;
				INFOPLIST_KEY_UILaunchStoryboardName = LaunchScreen;
				INFOPLIST_KEY_UIMainStoryboardFile = Main;
				INFOPLIST_KEY_UISupportedInterfaceOrientations_iPad = "UIInterfaceOrientationPortrait UIInterfaceOrientationPortraitUpsideDown UIInterfaceOrientationLandscapeLeft UIInterfaceOrientationLandscapeRight";
				INFOPLIST_KEY_UISupportedInterfaceOrientations_iPhone = "UIInterfaceOrientationPortrait UIInterfaceOrientationLandscapeLeft UIInterfaceOrientationLandscapeRight";
				LD_RUNPATH_SEARCH_PATHS = (
					"$(inherited)",
					"@executable_path/Frameworks",
				);
				MARKETING_VERSION = 1.0;
				PRODUCT_BUNDLE_IDENTIFIER = "com.new.Demo.Test-Project---1";
				PRODUCT_NAME = "$(TARGET_NAME)";
				SWIFT_EMIT_LOC_STRINGS = YES;
				SWIFT_VERSION = 5.0;
				TARGETED_DEVICE_FAMILY = "1,2";
			};
			name = Debug;
		};
		84B9CED7296FB8F4006BFDE4 /* Release */ = {
			isa = XCBuildConfiguration;
			buildSettings = {
				ASSETCATALOG_COMPILER_APPICON_NAME = AppIcon;
				ASSETCATALOG_COMPILER_GLOBAL_ACCENT_COLOR_NAME = AccentColor;
				CODE_SIGN_STYLE = Automatic;
				CURRENT_PROJECT_VERSION = 1;
				GENERATE_INFOPLIST_FILE = YES;
				INFOPLIST_FILE = "Test Project - 1/Info.plist";
				INFOPLIST_KEY_UIApplicationSupportsIndirectInputEvents = YES;
				INFOPLIST_KEY_UILaunchStoryboardName = LaunchScreen;
				INFOPLIST_KEY_UIMainStoryboardFile = Main;
				INFOPLIST_KEY_UISupportedInterfaceOrientations_iPad = "UIInterfaceOrientationPortrait UIInterfaceOrientationPortraitUpsideDown UIInterfaceOrientationLandscapeLeft UIInterfaceOrientationLandscapeRight";
				INFOPLIST_KEY_UISupportedInterfaceOrientations_iPhone = "UIInterfaceOrientationPortrait UIInterfaceOrientationLandscapeLeft UIInterfaceOrientationLandscapeRight";
				LD_RUNPATH_SEARCH_PATHS = (
					"$(inherited)",
					"@executable_path/Frameworks",
				);
				MARKETING_VERSION = 1.0;
				PRODUCT_BUNDLE_IDENTIFIER = "com.new.Demo.Test-Project---1";
				PRODUCT_NAME = "$(TARGET_NAME)";
				SWIFT_EMIT_LOC_STRINGS = YES;
				SWIFT_VERSION = 5.0;
				TARGETED_DEVICE_FAMILY = "1,2";
			};
			name = Release;
		};
/* End XCBuildConfiguration section */

/* Begin XCConfigurationList section */
		84B9CEB9296FB8F3006BFDE4 /* Build configuration list for PBXProject "Test Project - 1" */ = {
			isa = XCConfigurationList;
			buildConfigurations = (
				84B9CED3296FB8F4006BFDE4 /* Debug */,
				84B9CED4296FB8F4006BFDE4 /* Release */,
			);
			defaultConfigurationIsVisible = 0;
			defaultConfigurationName = Release;
		};
		84B9CED5296FB8F4006BFDE4 /* Build configuration list for PBXNativeTarget "Test Project - 1" */ = {
			isa = XCConfigurationList;
			buildConfigurations = (
				84B9CED6296FB8F4006BFDE4 /* Debug */,
				84B9CED7296FB8F4006BFDE4 /* Release */,
			);
			defaultConfigurationIsVisible = 0;
			defaultConfigurationName = Release;
		};
/* End XCConfigurationList section */

/* Begin XCVersionGroup section */
		84B9CECA296FB8F3006BFDE4 /* Test_Project___1.xcdatamodeld */ = {
			isa = XCVersionGroup;
			children = (
				84B9CECB296FB8F3006BFDE4 /* Test_Project___1.xcdatamodel */,
			);
			currentVersion = 84B9CECB296FB8F3006BFDE4 /* Test_Project___1.xcdatamodel */;
			path = "Test_Project___1.xcdatamodeld";
			sourceTree = "<group>";
			versionGroupType = wrapper.xcdatamodel;
		};
/* End XCVersionGroup section */
	};
	rootObject = 84B9CEB6296FB8F3006BFDE4 /* Project object */;
}
